
Microsoft Visual Studio Solution File, Format Version 12.00
Project("{FAE04EC0-301F-11D3-BF4B-00C04F79EFBC}") = "Beecrowd.Beginner.Solutions", "Beecrowd.Beginner.Solutions\Beecrowd.Beginner.Solutions.csproj", "{A7877DE7-82C8-49DB-A3CE-F576E0603E98}"
EndProject
Project("{FAE04EC0-301F-11D3-BF4B-00C04F79EFBC}") = "Beecrowd.Beginner.Tests", "Beecrowd.Beginner.Tests\Beecrowd.Beginner.Tests.csproj", "{46C8C778-6CA0-4FB5-B939-8F029F0BB2B3}"
EndProject
Global
	GlobalSection(SolutionConfigurationPlatforms) = preSolution
		Debug|Any CPU = Debug|Any CPU
		Release|Any CPU = Release|Any CPU
	EndGlobalSection
	GlobalSection(ProjectConfigurationPlatforms) = postSolution
		{A7877DE7-82C8-49DB-A3CE-F576E0603E98}.Debug|Any CPU.ActiveCfg = Debug|Any CPU
		{A7877DE7-82C8-49DB-A3CE-F576E0603E98}.Debug|Any CPU.Build.0 = Debug|Any CPU
		{A7877DE7-82C8-49DB-A3CE-F576E0603E98}.Release|Any CPU.ActiveCfg = Release|Any CPU
		{A7877DE7-82C8-49DB-A3CE-F576E0603E98}.Release|Any CPU.Build.0 = Release|Any CPU
		{46C8C778-6CA0-4FB5-B939-8F029F0BB2B3}.Debug|Any CPU.ActiveCfg = Debug|Any CPU
		{46C8C778-6CA0-4FB5-B939-8F029F0BB2B3}.Debug|Any CPU.Build.0 = Debug|Any CPU
		{46C8C778-6CA0-4FB5-B939-8F029F0BB2B3}.Release|Any CPU.ActiveCfg = Release|Any CPU
		{46C8C778-6CA0-4FB5-B939-8F029F0BB2B3}.Release|Any CPU.Build.0 = Release|Any CPU
	EndGlobalSection
EndGlobal
